
Microsoft Visual Studio Solution File, Format Version 12.00
# Visual Studio Version 17
VisualStudioVersion = 17.11.35208.52
MinimumVisualStudioVersion = 10.0.40219.1
Project("{FAE04EC0-301F-11D3-BF4B-00C04F79EFBC}") = "WebApplication1", "WebApplication1\WebApplication1.csproj", "{8AB89003-D890-43B6-9D8E-92B0E0B6F3EC}"
EndProject
Project("{FAE04EC0-301F-11D3-BF4B-00C04F79EFBC}") = "PracticeRun", "PracticeRun\PracticeRun.csproj", "{A71A9C09-FA2E-4F1F-BDC1-795D0A743767}"
EndProject
Project("{FAE04EC0-301F-11D3-BF4B-00C04F79EFBC}") = "DBCon", "DBCon\DBCon.csproj", "{12750746-2CFB-40D1-A9C5-AE9B11D85056}"
EndProject
Project("{2150E333-8FDC-42A3-9474-1A3956D46DE8}") = "솔루션 항목", "솔루션 항목", "{25D46573-D82F-4E51-8437-B10AA29634BF}"
	ProjectSection(SolutionItems) = preProject
		RunCreateSchema\Board_DB.sql = RunCreateSchema\Board_DB.sql
		RunCreateSchema\HRDB_DB.sql = RunCreateSchema\HRDB_DB.sql
	EndProjectSection
EndProject
Global
	GlobalSection(SolutionConfigurationPlatforms) = preSolution
		Debug|Any CPU = Debug|Any CPU
		Release|Any CPU = Release|Any CPU
	EndGlobalSection
	GlobalSection(ProjectConfigurationPlatforms) = postSolution
		{8AB89003-D890-43B6-9D8E-92B0E0B6F3EC}.Debug|Any CPU.ActiveCfg = Debug|Any CPU
		{8AB89003-D890-43B6-9D8E-92B0E0B6F3EC}.Debug|Any CPU.Build.0 = Debug|Any CPU
		{8AB89003-D890-43B6-9D8E-92B0E0B6F3EC}.Release|Any CPU.ActiveCfg = Release|Any CPU
		{8AB89003-D890-43B6-9D8E-92B0E0B6F3EC}.Release|Any CPU.Build.0 = Release|Any CPU
		{A71A9C09-FA2E-4F1F-BDC1-795D0A743767}.Debug|Any CPU.ActiveCfg = Debug|Any CPU
		{A71A9C09-FA2E-4F1F-BDC1-795D0A743767}.Debug|Any CPU.Build.0 = Debug|Any CPU
		{A71A9C09-FA2E-4F1F-BDC1-795D0A743767}.Release|Any CPU.ActiveCfg = Release|Any CPU
		{A71A9C09-FA2E-4F1F-BDC1-795D0A743767}.Release|Any CPU.Build.0 = Release|Any CPU
		{12750746-2CFB-40D1-A9C5-AE9B11D85056}.Debug|Any CPU.ActiveCfg = Debug|Any CPU
		{12750746-2CFB-40D1-A9C5-AE9B11D85056}.Debug|Any CPU.Build.0 = Debug|Any CPU
		{12750746-2CFB-40D1-A9C5-AE9B11D85056}.Release|Any CPU.ActiveCfg = Release|Any CPU
		{12750746-2CFB-40D1-A9C5-AE9B11D85056}.Release|Any CPU.Build.0 = Release|Any CPU
	EndGlobalSection
	GlobalSection(SolutionProperties) = preSolution
		HideSolutionNode = FALSE
	EndGlobalSection
	GlobalSection(ExtensibilityGlobals) = postSolution
		SolutionGuid = {5F691C03-B910-44C4-BD69-626CA08B402A}
	EndGlobalSection
EndGlobal
